
Microsoft Visual Studio Solution File, Format Version 12.00
# Visual Studio Version 17
VisualStudioVersion = 17.12.35527.113
MinimumVisualStudioVersion = 10.0.40219.1
Project("{F2A71F9B-5D33-465A-A702-920D77279786}") = "xframes", "xframes.fsproj", "{249A3BC1-8206-425D-ABA5-3A10FC26C11D}"
EndProject
Global
	GlobalSection(SolutionConfigurationPlatforms) = preSolution
		Debug|Any CPU = Debug|Any CPU
		Release|Any CPU = Release|Any CPU
	EndGlobalSection
	GlobalSection(ProjectConfigurationPlatforms) = postSolution
		{249A3BC1-8206-425D-ABA5-3A10FC26C11D}.Debug|Any CPU.ActiveCfg = Debug|Any CPU
		{249A3BC1-8206-425D-ABA5-3A10FC26C11D}.Debug|Any CPU.Build.0 = Debug|Any CPU
		{249A3BC1-8206-425D-ABA5-3A10FC26C11D}.Release|Any CPU.ActiveCfg = Release|Any CPU
		{249A3BC1-8206-425D-ABA5-3A10FC26C11D}.Release|Any CPU.Build.0 = Release|Any CPU
	EndGlobalSection
	GlobalSection(SolutionProperties) = preSolution
		HideSolutionNode = FALSE
	EndGlobalSection
EndGlobal
